
Microsoft Visual Studio Solution File, Format Version 12.00
# Visual Studio 15
VisualStudioVersion = 15.0.28010.2050
MinimumVisualStudioVersion = 10.0.40219.1
Project("{9A19103F-16F7-4668-BE54-9A1E7A4F7556}") = "DiScored", "DiScored\DiScored.csproj", "{FA058456-2F69-48B3-A452-AAD471FBAC9E}"
EndProject
Project("{FAE04EC0-301F-11D3-BF4B-00C04F79EFBC}") = "DiScored.Test", "DiScored.Test\DiScored.Test.csproj", "{263AA4D7-51A7-4E30-AB3A-595147DA8940}"
EndProject
Global
	GlobalSection(SolutionConfigurationPlatforms) = preSolution
		Debug|Any CPU = Debug|Any CPU
		Release|Any CPU = Release|Any CPU
	EndGlobalSection
	GlobalSection(ProjectConfigurationPlatforms) = postSolution
		{FA058456-2F69-48B3-A452-AAD471FBAC9E}.Debug|Any CPU.ActiveCfg = Debug|Any CPU
		{FA058456-2F69-48B3-A452-AAD471FBAC9E}.Debug|Any CPU.Build.0 = Debug|Any CPU
		{FA058456-2F69-48B3-A452-AAD471FBAC9E}.Release|Any CPU.ActiveCfg = Release|Any CPU
		{FA058456-2F69-48B3-A452-AAD471FBAC9E}.Release|Any CPU.Build.0 = Release|Any CPU
		{263AA4D7-51A7-4E30-AB3A-595147DA8940}.Debug|Any CPU.ActiveCfg = Debug|Any CPU
		{263AA4D7-51A7-4E30-AB3A-595147DA8940}.Debug|Any CPU.Build.0 = Debug|Any CPU
		{263AA4D7-51A7-4E30-AB3A-595147DA8940}.Release|Any CPU.ActiveCfg = Release|Any CPU
		{263AA4D7-51A7-4E30-AB3A-595147DA8940}.Release|Any CPU.Build.0 = Release|Any CPU
	EndGlobalSection
	GlobalSection(SolutionProperties) = preSolution
		HideSolutionNode = FALSE
	EndGlobalSection
	GlobalSection(ExtensibilityGlobals) = postSolution
		SolutionGuid = {577F684C-C5E9-4C32-ABD1-514982D1C8FB}
	EndGlobalSection
EndGlobal
